
Microsoft Visual Studio Solution File, Format Version 12.00
# Visual Studio Version 17
VisualStudioVersion = 17.5.002.0
MinimumVisualStudioVersion = 10.0.40219.1
Project("{2150E333-8FDC-42A3-9474-1A3956D46DE8}") = "sandbox", "sandbox", "{A022AB30-6D3D-4A3A-BDB6-6069AA41E135}"
EndProject
Project("{9A19103F-16F7-4668-BE54-9A1E7A4F7556}") = "sandbox_project", "sandbox\sandbox_project\sandbox_project.csproj", "{DD3E93D8-6483-4316-9BB5-274B455069EA}"
EndProject
Project("{2150E333-8FDC-42A3-9474-1A3956D46DE8}") = "week01", "week01", "{AFC36808-63A0-407B-B578-5BF12057D721}"
EndProject
Project("{9A19103F-16F7-4668-BE54-9A1E7A4F7556}") = "analyze", "week01\analyze\analyze.csproj", "{A9D5C1D2-9075-4324-934A-52AE83BDF3F4}"
EndProject
Project("{9A19103F-16F7-4668-BE54-9A1E7A4F7556}") = "code", "week01\code\code.csproj", "{C19DCF59-733C-47A7-9059-9782267E1139}"
EndProject
Project("{9A19103F-16F7-4668-BE54-9A1E7A4F7556}") = "teach", "week01\teach\teach.csproj", "{46C30EAC-8E05-42E1-A092-592C8C74CC30}"
EndProject
Project("{2150E333-8FDC-42A3-9474-1A3956D46DE8}") = "week02", "week02", "{8AF7E586-1C04-4054-A2C8-15FC41050C46}"
EndProject
Project("{9A19103F-16F7-4668-BE54-9A1E7A4F7556}") = "analyze", "week02\analyze\analyze.csproj", "{49EB2C58-9A06-4446-A98B-46A1243B8449}"
EndProject
Project("{9A19103F-16F7-4668-BE54-9A1E7A4F7556}") = "code", "week02\code\code.csproj", "{1982521E-BA8E-46FB-8D8E-7B8E0AE9F7B1}"
EndProject
Project("{9A19103F-16F7-4668-BE54-9A1E7A4F7556}") = "learn", "week02\learn\learn.csproj", "{B28FD928-5731-4D2D-9FCB-B8379D9DD4C6}"
EndProject
Project("{9A19103F-16F7-4668-BE54-9A1E7A4F7556}") = "teach", "week02\teach\teach.csproj", "{7BD34945-E7E4-4B7E-9612-CFA7887C338E}"
EndProject
Project("{2150E333-8FDC-42A3-9474-1A3956D46DE8}") = "week03", "week03", "{54B3862E-E7CA-4E6B-A655-0711793D3789}"
EndProject
Project("{9A19103F-16F7-4668-BE54-9A1E7A4F7556}") = "code", "week03\code\code.csproj", "{5FEB8336-41C5-4514-B9B0-BA49EF6A2A30}"
EndProject
Project("{9A19103F-16F7-4668-BE54-9A1E7A4F7556}") = "learn", "week03\learn\learn.csproj", "{3A75A345-CA42-4488-B35A-F10259324168}"
EndProject
Project("{9A19103F-16F7-4668-BE54-9A1E7A4F7556}") = "teach", "week03\teach\teach.csproj", "{E283C67D-C17D-44EF-96E1-B942FC96B816}"
EndProject
Project("{2150E333-8FDC-42A3-9474-1A3956D46DE8}") = "week04", "week04", "{661AF904-D7BD-4102-A512-B752E1CA877F}"
EndProject
Project("{9A19103F-16F7-4668-BE54-9A1E7A4F7556}") = "code", "week04\code\code.csproj", "{FEC2E53C-74CA-4B27-8E5D-7E67238376BC}"
EndProject
Project("{2150E333-8FDC-42A3-9474-1A3956D46DE8}") = "week05", "week05", "{CD5CDEF0-4DED-49E1-9D42-4E3A3A991101}"
EndProject
Project("{9A19103F-16F7-4668-BE54-9A1E7A4F7556}") = "code", "week05\code\code.csproj", "{C2180081-CDD3-48C4-8692-A2A4465CA54A}"
EndProject
Project("{2150E333-8FDC-42A3-9474-1A3956D46DE8}") = "week06", "week06", "{93595AFC-9667-482D-9069-30342F7850F8}"
EndProject
Project("{9A19103F-16F7-4668-BE54-9A1E7A4F7556}") = "code", "week06\code\code.csproj", "{FEDB1097-7723-4171-86D6-B9675296A9C8}"
EndProject
Global
	GlobalSection(SolutionConfigurationPlatforms) = preSolution
		Debug|Any CPU = Debug|Any CPU
		Release|Any CPU = Release|Any CPU
	EndGlobalSection
	GlobalSection(ProjectConfigurationPlatforms) = postSolution
		{DD3E93D8-6483-4316-9BB5-274B455069EA}.Debug|Any CPU.ActiveCfg = Debug|Any CPU
		{DD3E93D8-6483-4316-9BB5-274B455069EA}.Debug|Any CPU.Build.0 = Debug|Any CPU
		{DD3E93D8-6483-4316-9BB5-274B455069EA}.Release|Any CPU.ActiveCfg = Release|Any CPU
		{DD3E93D8-6483-4316-9BB5-274B455069EA}.Release|Any CPU.Build.0 = Release|Any CPU
		{A9D5C1D2-9075-4324-934A-52AE83BDF3F4}.Debug|Any CPU.ActiveCfg = Debug|Any CPU
		{A9D5C1D2-9075-4324-934A-52AE83BDF3F4}.Debug|Any CPU.Build.0 = Debug|Any CPU
		{A9D5C1D2-9075-4324-934A-52AE83BDF3F4}.Release|Any CPU.ActiveCfg = Release|Any CPU
		{A9D5C1D2-9075-4324-934A-52AE83BDF3F4}.Release|Any CPU.Build.0 = Release|Any CPU
		{C19DCF59-733C-47A7-9059-9782267E1139}.Debug|Any CPU.ActiveCfg = Debug|Any CPU
		{C19DCF59-733C-47A7-9059-9782267E1139}.Debug|Any CPU.Build.0 = Debug|Any CPU
		{C19DCF59-733C-47A7-9059-9782267E1139}.Release|Any CPU.ActiveCfg = Release|Any CPU
		{C19DCF59-733C-47A7-9059-9782267E1139}.Release|Any CPU.Build.0 = Release|Any CPU
		{46C30EAC-8E05-42E1-A092-592C8C74CC30}.Debug|Any CPU.ActiveCfg = Debug|Any CPU
		{46C30EAC-8E05-42E1-A092-592C8C74CC30}.Debug|Any CPU.Build.0 = Debug|Any CPU
		{46C30EAC-8E05-42E1-A092-592C8C74CC30}.Release|Any CPU.ActiveCfg = Release|Any CPU
		{46C30EAC-8E05-42E1-A092-592C8C74CC30}.Release|Any CPU.Build.0 = Release|Any CPU
		{49EB2C58-9A06-4446-A98B-46A1243B8449}.Debug|Any CPU.ActiveCfg = Debug|Any CPU
		{49EB2C58-9A06-4446-A98B-46A1243B8449}.Debug|Any CPU.Build.0 = Debug|Any CPU
		{49EB2C58-9A06-4446-A98B-46A1243B8449}.Release|Any CPU.ActiveCfg = Release|Any CPU
		{49EB2C58-9A06-4446-A98B-46A1243B8449}.Release|Any CPU.Build.0 = Release|Any CPU
		{1982521E-BA8E-46FB-8D8E-7B8E0AE9F7B1}.Debug|Any CPU.ActiveCfg = Debug|Any CPU
		{1982521E-BA8E-46FB-8D8E-7B8E0AE9F7B1}.Debug|Any CPU.Build.0 = Debug|Any CPU
		{1982521E-BA8E-46FB-8D8E-7B8E0AE9F7B1}.Release|Any CPU.ActiveCfg = Release|Any CPU
		{1982521E-BA8E-46FB-8D8E-7B8E0AE9F7B1}.Release|Any CPU.Build.0 = Release|Any CPU
		{B28FD928-5731-4D2D-9FCB-B8379D9DD4C6}.Debug|Any CPU.ActiveCfg = Debug|Any CPU
		{B28FD928-5731-4D2D-9FCB-B8379D9DD4C6}.Debug|Any CPU.Build.0 = Debug|Any CPU
		{B28FD928-5731-4D2D-9FCB-B8379D9DD4C6}.Release|Any CPU.ActiveCfg = Release|Any CPU
		{B28FD928-5731-4D2D-9FCB-B8379D9DD4C6}.Release|Any CPU.Build.0 = Release|Any CPU
		{7BD34945-E7E4-4B7E-9612-CFA7887C338E}.Debug|Any CPU.ActiveCfg = Debug|Any CPU
		{7BD34945-E7E4-4B7E-9612-CFA7887C338E}.Debug|Any CPU.Build.0 = Debug|Any CPU
		{7BD34945-E7E4-4B7E-9612-CFA7887C338E}.Release|Any CPU.ActiveCfg = Release|Any CPU
		{7BD34945-E7E4-4B7E-9612-CFA7887C338E}.Release|Any CPU.Build.0 = Release|Any CPU
		{5FEB8336-41C5-4514-B9B0-BA49EF6A2A30}.Debug|Any CPU.ActiveCfg = Debug|Any CPU
		{5FEB8336-41C5-4514-B9B0-BA49EF6A2A30}.Debug|Any CPU.Build.0 = Debug|Any CPU
		{5FEB8336-41C5-4514-B9B0-BA49EF6A2A30}.Release|Any CPU.ActiveCfg = Release|Any CPU
		{5FEB8336-41C5-4514-B9B0-BA49EF6A2A30}.Release|Any CPU.Build.0 = Release|Any CPU
		{3A75A345-CA42-4488-B35A-F10259324168}.Debug|Any CPU.ActiveCfg = Debug|Any CPU
		{3A75A345-CA42-4488-B35A-F10259324168}.Debug|Any CPU.Build.0 = Debug|Any CPU
		{3A75A345-CA42-4488-B35A-F10259324168}.Release|Any CPU.ActiveCfg = Release|Any CPU
		{3A75A345-CA42-4488-B35A-F10259324168}.Release|Any CPU.Build.0 = Release|Any CPU
		{E283C67D-C17D-44EF-96E1-B942FC96B816}.Debug|Any CPU.ActiveCfg = Debug|Any CPU
		{E283C67D-C17D-44EF-96E1-B942FC96B816}.Debug|Any CPU.Build.0 = Debug|Any CPU
		{E283C67D-C17D-44EF-96E1-B942FC96B816}.Release|Any CPU.ActiveCfg = Release|Any CPU
		{E283C67D-C17D-44EF-96E1-B942FC96B816}.Release|Any CPU.Build.0 = Release|Any CPU
		{FEC2E53C-74CA-4B27-8E5D-7E67238376BC}.Debug|Any CPU.ActiveCfg = Debug|Any CPU
		{FEC2E53C-74CA-4B27-8E5D-7E67238376BC}.Debug|Any CPU.Build.0 = Debug|Any CPU
		{FEC2E53C-74CA-4B27-8E5D-7E67238376BC}.Release|Any CPU.ActiveCfg = Release|Any CPU
		{FEC2E53C-74CA-4B27-8E5D-7E67238376BC}.Release|Any CPU.Build.0 = Release|Any CPU
		{C2180081-CDD3-48C4-8692-A2A4465CA54A}.Debug|Any CPU.ActiveCfg = Debug|Any CPU
		{C2180081-CDD3-48C4-8692-A2A4465CA54A}.Debug|Any CPU.Build.0 = Debug|Any CPU
		{C2180081-CDD3-48C4-8692-A2A4465CA54A}.Release|Any CPU.ActiveCfg = Release|Any CPU
		{C2180081-CDD3-48C4-8692-A2A4465CA54A}.Release|Any CPU.Build.0 = Release|Any CPU
		{FEDB1097-7723-4171-86D6-B9675296A9C8}.Debug|Any CPU.ActiveCfg = Debug|Any CPU
		{FEDB1097-7723-4171-86D6-B9675296A9C8}.Debug|Any CPU.Build.0 = Debug|Any CPU
		{FEDB1097-7723-4171-86D6-B9675296A9C8}.Release|Any CPU.ActiveCfg = Release|Any CPU
		{FEDB1097-7723-4171-86D6-B9675296A9C8}.Release|Any CPU.Build.0 = Release|Any CPU
	EndGlobalSection
	GlobalSection(SolutionProperties) = preSolution
		HideSolutionNode = FALSE
	EndGlobalSection
	GlobalSection(NestedProjects) = preSolution
		{DD3E93D8-6483-4316-9BB5-274B455069EA} = {A022AB30-6D3D-4A3A-BDB6-6069AA41E135}
		{A9D5C1D2-9075-4324-934A-52AE83BDF3F4} = {AFC36808-63A0-407B-B578-5BF12057D721}
		{C19DCF59-733C-47A7-9059-9782267E1139} = {AFC36808-63A0-407B-B578-5BF12057D721}
		{46C30EAC-8E05-42E1-A092-592C8C74CC30} = {AFC36808-63A0-407B-B578-5BF12057D721}
		{49EB2C58-9A06-4446-A98B-46A1243B8449} = {8AF7E586-1C04-4054-A2C8-15FC41050C46}
		{1982521E-BA8E-46FB-8D8E-7B8E0AE9F7B1} = {8AF7E586-1C04-4054-A2C8-15FC41050C46}
		{B28FD928-5731-4D2D-9FCB-B8379D9DD4C6} = {8AF7E586-1C04-4054-A2C8-15FC41050C46}
		{7BD34945-E7E4-4B7E-9612-CFA7887C338E} = {8AF7E586-1C04-4054-A2C8-15FC41050C46}
		{5FEB8336-41C5-4514-B9B0-BA49EF6A2A30} = {54B3862E-E7CA-4E6B-A655-0711793D3789}
		{3A75A345-CA42-4488-B35A-F10259324168} = {54B3862E-E7CA-4E6B-A655-0711793D3789}
		{E283C67D-C17D-44EF-96E1-B942FC96B816} = {54B3862E-E7CA-4E6B-A655-0711793D3789}
		{FEC2E53C-74CA-4B27-8E5D-7E67238376BC} = {661AF904-D7BD-4102-A512-B752E1CA877F}
		{C2180081-CDD3-48C4-8692-A2A4465CA54A} = {CD5CDEF0-4DED-49E1-9D42-4E3A3A991101}
		{FEDB1097-7723-4171-86D6-B9675296A9C8} = {93595AFC-9667-482D-9069-30342F7850F8}
	EndGlobalSection
	GlobalSection(ExtensibilityGlobals) = postSolution
		SolutionGuid = {35BDA72A-24E1-4933-AD88-ED3F4EF395EA}
	EndGlobalSection
EndGlobal
